
Microsoft Visual Studio Solution File, Format Version 12.00
# Visual Studio 14
VisualStudioVersion = 14.0.25420.1
MinimumVisualStudioVersion = 10.0.40219.1
Project("{FAE04EC0-301F-11D3-BF4B-00C04F79EFBC}") = "fivecolors2", "fivecolors2\fivecolors2.csproj", "{AE76F30B-88D8-4186-9FE3-FD365186DE4B}"
EndProject
Global
	GlobalSection(SolutionConfigurationPlatforms) = preSolution
		Debug|Any CPU = Debug|Any CPU
		Release|Any CPU = Release|Any CPU
	EndGlobalSection
	GlobalSection(ProjectConfigurationPlatforms) = postSolution
		{AE76F30B-88D8-4186-9FE3-FD365186DE4B}.Debug|Any CPU.ActiveCfg = Debug|Any CPU
		{AE76F30B-88D8-4186-9FE3-FD365186DE4B}.Debug|Any CPU.Build.0 = Debug|Any CPU
		{AE76F30B-88D8-4186-9FE3-FD365186DE4B}.Release|Any CPU.ActiveCfg = Release|Any CPU
		{AE76F30B-88D8-4186-9FE3-FD365186DE4B}.Release|Any CPU.Build.0 = Release|Any CPU
	EndGlobalSection
	GlobalSection(SolutionProperties) = preSolution
		HideSolutionNode = FALSE
	EndGlobalSection
EndGlobal
